
Microsoft Visual Studio Solution File, Format Version 12.00
# Visual Studio Version 16
VisualStudioVersion = 16.0.32126.315
MinimumVisualStudioVersion = 10.0.40219.1
Project("{FAE04EC0-301F-11D3-BF4B-00C04F79EFBC}") = "AreaOfFigures", "AreaOfFigures\AreaOfFigures.csproj", "{6F22F06A-B548-488D-BC79-B182A3083A3A}"
EndProject
Project("{FAE04EC0-301F-11D3-BF4B-00C04F79EFBC}") = "Figures", "Figures\Figures.csproj", "{AD92A939-D8CD-4735-ADC0-524D41A4F4C8}"
EndProject
Global
	GlobalSection(SolutionConfigurationPlatforms) = preSolution
		Debug|Any CPU = Debug|Any CPU
		Release|Any CPU = Release|Any CPU
	EndGlobalSection
	GlobalSection(ProjectConfigurationPlatforms) = postSolution
		{6F22F06A-B548-488D-BC79-B182A3083A3A}.Debug|Any CPU.ActiveCfg = Debug|Any CPU
		{6F22F06A-B548-488D-BC79-B182A3083A3A}.Debug|Any CPU.Build.0 = Debug|Any CPU
		{6F22F06A-B548-488D-BC79-B182A3083A3A}.Release|Any CPU.ActiveCfg = Release|Any CPU
		{6F22F06A-B548-488D-BC79-B182A3083A3A}.Release|Any CPU.Build.0 = Release|Any CPU
		{AD92A939-D8CD-4735-ADC0-524D41A4F4C8}.Debug|Any CPU.ActiveCfg = Debug|Any CPU
		{AD92A939-D8CD-4735-ADC0-524D41A4F4C8}.Debug|Any CPU.Build.0 = Debug|Any CPU
		{AD92A939-D8CD-4735-ADC0-524D41A4F4C8}.Release|Any CPU.ActiveCfg = Release|Any CPU
		{AD92A939-D8CD-4735-ADC0-524D41A4F4C8}.Release|Any CPU.Build.0 = Release|Any CPU
	EndGlobalSection
	GlobalSection(SolutionProperties) = preSolution
		HideSolutionNode = FALSE
	EndGlobalSection
	GlobalSection(ExtensibilityGlobals) = postSolution
		SolutionGuid = {6C3EF8D5-16A1-45D2-9225-8B45F11DEED4}
	EndGlobalSection
EndGlobal
